
Microsoft Visual Studio Solution File, Format Version 12.00
# Visual Studio Version 16
VisualStudioVersion = 16.0.30011.22
MinimumVisualStudioVersion = 10.0.40219.1
Project("{FAE04EC0-301F-11D3-BF4B-00C04F79EFBC}") = "sinozicSebastianZadatakTreci", "sinozicSebastianZadatakTreci\sinozicSebastianZadatakTreci.csproj", "{C1FFAB4E-3103-446E-A2A2-6F52F88E71CB}"
EndProject
Global
	GlobalSection(SolutionConfigurationPlatforms) = preSolution
		Debug|Any CPU = Debug|Any CPU
		Release|Any CPU = Release|Any CPU
	EndGlobalSection
	GlobalSection(ProjectConfigurationPlatforms) = postSolution
		{C1FFAB4E-3103-446E-A2A2-6F52F88E71CB}.Debug|Any CPU.ActiveCfg = Debug|Any CPU
		{C1FFAB4E-3103-446E-A2A2-6F52F88E71CB}.Debug|Any CPU.Build.0 = Debug|Any CPU
		{C1FFAB4E-3103-446E-A2A2-6F52F88E71CB}.Release|Any CPU.ActiveCfg = Release|Any CPU
		{C1FFAB4E-3103-446E-A2A2-6F52F88E71CB}.Release|Any CPU.Build.0 = Release|Any CPU
	EndGlobalSection
	GlobalSection(SolutionProperties) = preSolution
		HideSolutionNode = FALSE
	EndGlobalSection
	GlobalSection(ExtensibilityGlobals) = postSolution
		SolutionGuid = {E189E7C4-C912-4577-A931-1715DDD70722}
	EndGlobalSection
EndGlobal
